
Microsoft Visual Studio Solution File, Format Version 12.00
# Visual Studio 2012
Project("{FAE04EC0-301F-11D3-BF4B-00C04F79EFBC}") = "xMaterialForms", "xMaterialForms.csproj", "{6847D5D5-AC91-4223-A24D-D31E2EC89BFC}"
EndProject
Global
	GlobalSection(SolutionConfigurationPlatforms) = preSolution
		Debug|Any CPU = Debug|Any CPU
		Release|Any CPU = Release|Any CPU
	EndGlobalSection
	GlobalSection(ProjectConfigurationPlatforms) = postSolution
		{6847D5D5-AC91-4223-A24D-D31E2EC89BFC}.Debug|Any CPU.ActiveCfg = Debug|Any CPU
		{6847D5D5-AC91-4223-A24D-D31E2EC89BFC}.Debug|Any CPU.Build.0 = Debug|Any CPU
		{6847D5D5-AC91-4223-A24D-D31E2EC89BFC}.Release|Any CPU.ActiveCfg = Release|Any CPU
		{6847D5D5-AC91-4223-A24D-D31E2EC89BFC}.Release|Any CPU.Build.0 = Release|Any CPU
	EndGlobalSection
	GlobalSection(SolutionProperties) = preSolution
		HideSolutionNode = FALSE
	EndGlobalSection
EndGlobal
